github.com/coalaura/atom v0.1.0 h1:SIDBPkN/yIs9mmj9mTyDLjTkL6RLs+Ayv6NAMiUvSNE=
github.com/coalaura/atom v0.1.0/go.mod h1:7pDe9uBEj3+qeHhpGdpvlvRp0JR17sEAZdAW+8vhc9M=
github.com/coalaura/plain v1.5.0 h1:cNnEA1sChxVGqy84Z2fmu5m2zbTjcJNcxJmZC5yge4I=
github.com/coalaura/plain v1.5.0/go.mod h1:Fqnxr6EaXiVJMtvZtV6p4LpiucuGqYcy6Vwor+Gkoek=
github.com/felixge/httpsnoop v1.1.0 h1:3YtUj32ZZkqZtt3sZZsClsymw/QDuVfpNhoA31zeORc=
github.com/felixge/httpsnoop v1.1.0/go.mod h1:Zqxgdd+1Rkcz8euOqdr7lqgCRJztwr5hp9vDSi5UZCE=
github.com/pelletier/go-toml/v2 v2.4.3 h1:GTRvJQutkOSftxIFD5xw9aepkYNuPWmVJpffdDPYVpY=
github.com/pelletier/go-toml/v2 v2.4.3/go.mod h1:2gIqNv+qfxSVS7cM2xJQKtLSTLUE9V8t9Stt+h56mCY=
golang.org/x/sys v0.47.0 h1:o7XGOvZQCADBQQ4Y7VNq2dRWQR7JmOUW8Kxx4ZsNgWs=
golang.org/x/sys v0.47.0/go.mod h1:4GL1E5IUh+htKOUEOaiffhrAeqysfVGipDYzABqnCmw=
golang.org/x/term v0.45.0 h1:NwWyBmoJCbfTHpxrWoZ9C6/VxOf7ic219I8xZZFdrf0=
golang.org/x/term v0.45.0/go.mod h1:9aqxs0blBcrm/n0L9QW0aRVD+ktan8ssZromtqJC43w=
